
Microsoft Visual Studio Solution File, Format Version 12.00
# Visual Studio Version 17
VisualStudioVersion = 17.7.34031.279
MinimumVisualStudioVersion = 10.0.40219.1
Project("{FAE04EC0-301F-11D3-BF4B-00C04F79EFBC}") = "HRAutomation", "HRAutomation\HRAutomation.csproj", "{4C22B4FC-6B3E-442C-92C9-EEB77E371B15}"
EndProject
Global
	GlobalSection(SolutionConfigurationPlatforms) = preSolution
		Debug|Any CPU = Debug|Any CPU
		Release|Any CPU = Release|Any CPU
	EndGlobalSection
	GlobalSection(ProjectConfigurationPlatforms) = postSolution
		{4C22B4FC-6B3E-442C-92C9-EEB77E371B15}.Debug|Any CPU.ActiveCfg = Debug|Any CPU
		{4C22B4FC-6B3E-442C-92C9-EEB77E371B15}.Debug|Any CPU.Build.0 = Debug|Any CPU
		{4C22B4FC-6B3E-442C-92C9-EEB77E371B15}.Release|Any CPU.ActiveCfg = Release|Any CPU
		{4C22B4FC-6B3E-442C-92C9-EEB77E371B15}.Release|Any CPU.Build.0 = Release|Any CPU
	EndGlobalSection
	GlobalSection(SolutionProperties) = preSolution
		HideSolutionNode = FALSE
	EndGlobalSection
	GlobalSection(ExtensibilityGlobals) = postSolution
		SolutionGuid = {AF6EEAD8-A879-4402-B771-EF7BB20DC82F}
	EndGlobalSection
EndGlobal
